// !$*UTF8*$!
{
	archiveVersion = 1;
	classes = {
	};
	objectVersion = 46;
	objects = {

/* Begin PBXFileReference section */
		AC0D65A91E841940000D2249 /* index.html */ = {isa = PBXFileReference; lastKnownFileType = text.html; path = index.html; sourceTree = "<group>"; };
		AC0D65AA1E841CD9000D2249 /* stylesheet.css */ = {isa = PBXFileReference; lastKnownFileType = text.css; path = stylesheet.css; sourceTree = "<group>"; };
		AC0D65AD1E841DA8000D2249 /* Gui_1 */ = {isa = PBXFileReference; lastKnownFileType = folder; path = Gui_1; sourceTree = "<group>"; };
		ACC77C3C1E845E0500316F9F /* world-map-146505_1280.png */ = {isa = PBXFileReference; lastKnownFileType = image.png; path = "world-map-146505_1280.png"; sourceTree = "<group>"; };
/* End PBXFileReference section */

/* Begin PBXGroup section */
		AC0D65A21E8418B0000D2249 = {
			isa = PBXGroup;
			children = (
				AC0D65AD1E841DA8000D2249 /* Gui_1 */,
				AC0D65AA1E841CD9000D2249 /* stylesheet.css */,
				AC0D65A91E841940000D2249 /* index.html */,
				ACC77C3C1E845E0500316F9F /* world-map-146505_1280.png */,
			);
			sourceTree = "<group>";
		};
/* End PBXGroup section */

/* Begin PBXProject section */
		AC0D65A31E8418B0000D2249 /* Project object */ = {
			isa = PBXProject;
			attributes = {
				LastUpgradeCheck = 0820;
			};
			buildConfigurationList = AC0D65A61E8418B0000D2249 /* Build configuration list for PBXProject "P_Portfolio" */;
			compatibilityVersion = "Xcode 3.2";
			developmentRegion = English;
			hasScannedForEncodings = 0;
			knownRegions = (
				en,
			);
			mainGroup = AC0D65A21E8418B0000D2249;
			projectDirPath = "";
			projectRoot = "";
			targets = (
			);
		};
/* End PBXProject section */

/* Begin XCBuildConfiguration section */
		AC0D65A71E8418B0000D2249 /* Debug */ = {
			isa = XCBuildConfiguration;
			buildSettings = {
			};
			name = Debug;
		};
		AC0D65A81E8418B0000D2249 /* Release */ = {
			isa = XCBuildConfiguration;
			buildSettings = {
			};
			name = Release;
		};
/* End XCBuildConfiguration section */

/* Begin XCConfigurationList section */
		AC0D65A61E8418B0000D2249 /* Build configuration list for PBXProject "P_Portfolio" */ = {
			isa = XCConfigurationList;
			buildConfigurations = (
				AC0D65A71E8418B0000D2249 /* Debug */,
				AC0D65A81E8418B0000D2249 /* Release */,
			);
			defaultConfigurationIsVisible = 0;
			defaultConfigurationName = Release;
		};
/* End XCConfigurationList section */
	};
	rootObject = AC0D65A31E8418B0000D2249 /* Project object */;
}
